
Microsoft Visual Studio Solution File, Format Version 12.00
# Visual Studio Version 16
VisualStudioVersion = 16.0.31005.135
MinimumVisualStudioVersion = 10.0.40219.1
Project("{FAE04EC0-301F-11D3-BF4B-00C04F79EFBC}") = "DevIO.App", "src\DevIO.App\DevIO.App.csproj", "{B8356368-D199-43CD-9368-89AAAA0A7C4E}"
EndProject
Project("{FAE04EC0-301F-11D3-BF4B-00C04F79EFBC}") = "DevIO.Business", "src\DevIO.Business\DevIO.Business.csproj", "{902587AB-4DA2-4C82-8285-9753D34E4DF7}"
EndProject
Project("{FAE04EC0-301F-11D3-BF4B-00C04F79EFBC}") = "DevIO.Data", "src\DevIO.Data\DevIO.Data.csproj", "{26F819F3-D50E-477D-B990-FBF2426A295F}"
EndProject
Global
	GlobalSection(SolutionConfigurationPlatforms) = preSolution
		Debug|Any CPU = Debug|Any CPU
		Release|Any CPU = Release|Any CPU
	EndGlobalSection
	GlobalSection(ProjectConfigurationPlatforms) = postSolution
		{B8356368-D199-43CD-9368-89AAAA0A7C4E}.Debug|Any CPU.ActiveCfg = Debug|Any CPU
		{B8356368-D199-43CD-9368-89AAAA0A7C4E}.Debug|Any CPU.Build.0 = Debug|Any CPU
		{B8356368-D199-43CD-9368-89AAAA0A7C4E}.Release|Any CPU.ActiveCfg = Release|Any CPU
		{B8356368-D199-43CD-9368-89AAAA0A7C4E}.Release|Any CPU.Build.0 = Release|Any CPU
		{902587AB-4DA2-4C82-8285-9753D34E4DF7}.Debug|Any CPU.ActiveCfg = Debug|Any CPU
		{902587AB-4DA2-4C82-8285-9753D34E4DF7}.Debug|Any CPU.Build.0 = Debug|Any CPU
		{902587AB-4DA2-4C82-8285-9753D34E4DF7}.Release|Any CPU.ActiveCfg = Release|Any CPU
		{902587AB-4DA2-4C82-8285-9753D34E4DF7}.Release|Any CPU.Build.0 = Release|Any CPU
		{26F819F3-D50E-477D-B990-FBF2426A295F}.Debug|Any CPU.ActiveCfg = Debug|Any CPU
		{26F819F3-D50E-477D-B990-FBF2426A295F}.Debug|Any CPU.Build.0 = Debug|Any CPU
		{26F819F3-D50E-477D-B990-FBF2426A295F}.Release|Any CPU.ActiveCfg = Release|Any CPU
		{26F819F3-D50E-477D-B990-FBF2426A295F}.Release|Any CPU.Build.0 = Release|Any CPU
	EndGlobalSection
	GlobalSection(SolutionProperties) = preSolution
		HideSolutionNode = FALSE
	EndGlobalSection
	GlobalSection(ExtensibilityGlobals) = postSolution
		SolutionGuid = {3BFB6D17-9F06-4FCE-B64A-CA34092A81D5}
	EndGlobalSection
EndGlobal
